
Microsoft Visual Studio Solution File, Format Version 12.00
# Visual Studio Version 16
VisualStudioVersion = 16.0.30204.135
MinimumVisualStudioVersion = 10.0.40219.1
Project("{FAE04EC0-301F-11D3-BF4B-00C04F79EFBC}") = "BeforeApp", "BeforeApp.csproj", "{83B9C940-EF77-4677-BCC6-1CDC55EECDFD}"
EndProject
Global
	GlobalSection(SolutionConfigurationPlatforms) = preSolution
		Debug|Any CPU = Debug|Any CPU
		Release|Any CPU = Release|Any CPU
	EndGlobalSection
	GlobalSection(ProjectConfigurationPlatforms) = postSolution
		{83B9C940-EF77-4677-BCC6-1CDC55EECDFD}.Debug|Any CPU.ActiveCfg = Debug|Any CPU
		{83B9C940-EF77-4677-BCC6-1CDC55EECDFD}.Debug|Any CPU.Build.0 = Debug|Any CPU
		{83B9C940-EF77-4677-BCC6-1CDC55EECDFD}.Release|Any CPU.ActiveCfg = Release|Any CPU
		{83B9C940-EF77-4677-BCC6-1CDC55EECDFD}.Release|Any CPU.Build.0 = Release|Any CPU
	EndGlobalSection
	GlobalSection(SolutionProperties) = preSolution
		HideSolutionNode = FALSE
	EndGlobalSection
	GlobalSection(ExtensibilityGlobals) = postSolution
		SolutionGuid = {A688F93C-A2A1-48B6-8CD5-062629CCF9C2}
	EndGlobalSection
EndGlobal
